lockfileVersion: '9.0'

settings:
  autoInstallPeers: true
  excludeLinksFromLockfile: false

importers:

  .:
    devDependencies:
      jiti:
        specifier: ^2.4.0
        version: 2.4.0
      unbuild:
        specifier: ../../
        version: link:../..

packages:

  jiti@2.4.0:
    resolution: {integrity: sha512-H5UpaUI+aHOqZXlYOaFP/8AzKsg+guWu+Pr3Y8i7+Y3zr1aXAvCvTAQ1RxSc6oVD8R8c7brgNtTVP91E7upH/g==}
    hasBin: true

snapshots:

  jiti@2.4.0: {}
